
Microsoft Visual Studio Solution File, Format Version 12.00
# Visual Studio 15
VisualStudioVersion = 15.0.27130.2027
MinimumVisualStudioVersion = 10.0.40219.1
Project("{9A19103F-16F7-4668-BE54-9A1E7A4F7556}") = "Model", "Model\Model.csproj", "{5EF53B10-2468-4081-BD24-A175338A50B9}"
EndProject
Project("{9A19103F-16F7-4668-BE54-9A1E7A4F7556}") = "ModelTest", "ModelTest\ModelTest.csproj", "{BDF92891-6930-4A2C-9672-8D1C1DA3E42A}"
EndProject
Project("{FAE04EC0-301F-11D3-BF4B-00C04F79EFBC}") = "ApiClinic", "ApiClinic\ApiClinic.csproj", "{20CBB8C0-6B52-45BA-BA75-29180B088991}"
EndProject
Global
	GlobalSection(SolutionConfigurationPlatforms) = preSolution
		Debug|Any CPU = Debug|Any CPU
		Release|Any CPU = Release|Any CPU
	EndGlobalSection
	GlobalSection(ProjectConfigurationPlatforms) = postSolution
		{5EF53B10-2468-4081-BD24-A175338A50B9}.Debug|Any CPU.ActiveCfg = Debug|Any CPU
		{5EF53B10-2468-4081-BD24-A175338A50B9}.Debug|Any CPU.Build.0 = Debug|Any CPU
		{5EF53B10-2468-4081-BD24-A175338A50B9}.Release|Any CPU.ActiveCfg = Release|Any CPU
		{5EF53B10-2468-4081-BD24-A175338A50B9}.Release|Any CPU.Build.0 = Release|Any CPU
		{BDF92891-6930-4A2C-9672-8D1C1DA3E42A}.Debug|Any CPU.ActiveCfg = Debug|Any CPU
		{BDF92891-6930-4A2C-9672-8D1C1DA3E42A}.Debug|Any CPU.Build.0 = Debug|Any CPU
		{BDF92891-6930-4A2C-9672-8D1C1DA3E42A}.Release|Any CPU.ActiveCfg = Release|Any CPU
		{BDF92891-6930-4A2C-9672-8D1C1DA3E42A}.Release|Any CPU.Build.0 = Release|Any CPU
		{20CBB8C0-6B52-45BA-BA75-29180B088991}.Debug|Any CPU.ActiveCfg = Debug|Any CPU
		{20CBB8C0-6B52-45BA-BA75-29180B088991}.Debug|Any CPU.Build.0 = Debug|Any CPU
		{20CBB8C0-6B52-45BA-BA75-29180B088991}.Release|Any CPU.ActiveCfg = Release|Any CPU
		{20CBB8C0-6B52-45BA-BA75-29180B088991}.Release|Any CPU.Build.0 = Release|Any CPU
	EndGlobalSection
	GlobalSection(SolutionProperties) = preSolution
		HideSolutionNode = FALSE
	EndGlobalSection
	GlobalSection(ExtensibilityGlobals) = postSolution
		SolutionGuid = {EF7D7C1F-C230-44FB-8CC2-37D5A46BAC53}
	EndGlobalSection
EndGlobal
